
Microsoft Visual Studio Solution File, Format Version 12.00
# Visual Studio 2013
VisualStudioVersion = 12.0.21005.1
MinimumVisualStudioVersion = 10.0.40219.1
Project("{FAE04EC0-301F-11D3-BF4B-00C04F79EFBC}") = "SQLMigrationUI", "SQLMigrationUI\SQLMigrationUI.csproj", "{EA8CA1E6-7D96-4891-BE98-E0E38D4EADAC}"
EndProject
Global
	GlobalSection(SolutionConfigurationPlatforms) = preSolution
		Debug|Any CPU = Debug|Any CPU
		Release|Any CPU = Release|Any CPU
	EndGlobalSection
	GlobalSection(ProjectConfigurationPlatforms) = postSolution
		{EA8CA1E6-7D96-4891-BE98-E0E38D4EADAC}.Debug|Any CPU.ActiveCfg = Debug|Any CPU
		{EA8CA1E6-7D96-4891-BE98-E0E38D4EADAC}.Debug|Any CPU.Build.0 = Debug|Any CPU
		{EA8CA1E6-7D96-4891-BE98-E0E38D4EADAC}.Release|Any CPU.ActiveCfg = Release|Any CPU
		{EA8CA1E6-7D96-4891-BE98-E0E38D4EADAC}.Release|Any CPU.Build.0 = Release|Any CPU
	EndGlobalSection
	GlobalSection(SolutionProperties) = preSolution
		HideSolutionNode = FALSE
	EndGlobalSection
EndGlobal
